// !$*UTF8*$!
{
	archiveVersion = 1;
	classes = {
	};
	objectVersion = 50;
	objects = {

/* Begin PBXBuildFile section */
		3B42170A20B6099000415CE7 /* AppDelegate.swift in Sources */ = {isa = PBXBuildFile; fileRef = 3B42170920B6099000415CE7 /* AppDelegate.swift */; };
		3B42170C20B6099000415CE7 /* ViewController.swift in Sources */ = {isa = PBXBuildFile; fileRef = 3B42170B20B6099000415CE7 /* ViewController.swift */; };
		3B42170F20B6099000415CE7 /* Main.storyboard in Resources */ = {isa = PBXBuildFile; fileRef = 3B42170D20B6099000415CE7 /* Main.storyboard */; };
		3B42171120B6099300415CE7 /* Assets.xcassets in Resources */ = {isa = PBXBuildFile; fileRef = 3B42171020B6099300415CE7 /* Assets.xcassets */; };
		3B42171420B6099300415CE7 /* LaunchScreen.storyboard in Resources */ = {isa = PBXBuildFile; fileRef = 3B42171220B6099300415CE7 /* LaunchScreen.storyboard */; };
		3B42171F20B6099300415CE7 /* CodeTrevorSampleTests.swift in Sources */ = {isa = PBXBuildFile; fileRef = 3B42171E20B6099300415CE7 /* CodeTrevorSampleTests.swift */; };
		3B42172A20B6099300415CE7 /* CodeTrevorSampleUITests.swift in Sources */ = {isa = PBXBuildFile; fileRef = 3B42172920B6099300415CE7 /* CodeTrevorSampleUITests.swift */; };
		3B42175520B60ACA00415CE7 /* CodeTrevor.framework in Frameworks */ = {isa = PBXBuildFile; fileRef = 3B42175420B60ACA00415CE7 /* CodeTrevor.framework */; };
		3B777ECF20BBCC100055B1B1 /* OpenSans-Regular.ttf in Resources */ = {isa = PBXBuildFile; fileRef = 3B777ECE20BBCC0F0055B1B1 /* OpenSans-Regular.ttf */; };
		3B777ED820BDC8BF0055B1B1 /* CodeTrevor.framework in Frameworks */ = {isa = PBXBuildFile; fileRef = 3B42175420B60ACA00415CE7 /* CodeTrevor.framework */; };
		3B777ED920BDC8BF0055B1B1 /* CodeTrevor.framework in Embed Frameworks */ = {isa = PBXBuildFile; fileRef = 3B42175420B60ACA00415CE7 /* CodeTrevor.framework */; settings = {ATTRIBUTES = (CodeSignOnCopy, RemoveHeadersOnCopy, ); }; };
/* End PBXBuildFile section */

/* Begin PBXContainerItemProxy section */
		3B42171B20B6099300415CE7 /* PBXContainerItemProxy */ = {
			isa = PBXContainerItemProxy;
			containerPortal = 3B4216FE20B6099000415CE7 /* Project object */;
			proxyType = 1;
			remoteGlobalIDString = 3B42170520B6099000415CE7;
			remoteInfo = CodeTrevorSample;
		};
		3B42172620B6099300415CE7 /* PBXContainerItemProxy */ = {
			isa = PBXContainerItemProxy;
			containerPortal = 3B4216FE20B6099000415CE7 /* Project object */;
			proxyType = 1;
			remoteGlobalIDString = 3B42170520B6099000415CE7;
			remoteInfo = CodeTrevorSample;
		};
/* End PBXContainerItemProxy section */

/* Begin PBXCopyFilesBuildPhase section */
		3B42175220B60A0900415CE7 /* Embed Frameworks */ = {
			isa = PBXCopyFilesBuildPhase;
			buildActionMask = 2147483647;
			dstPath = "";
			dstSubfolderSpec = 10;
			files = (
				3B777ED920BDC8BF0055B1B1 /* CodeTrevor.framework in Embed Frameworks */,
			);
			name = "Embed Frameworks";
			runOnlyForDeploymentPostprocessing = 0;
		};
/* End PBXCopyFilesBuildPhase section */

/* Begin PBXFileReference section */
		3B42170620B6099000415CE7 /* CodeTrevorSample.app */ = {isa = PBXFileReference; explicitFileType = wrapper.application; includeInIndex = 0; path = CodeTrevorSample.app; sourceTree = BUILT_PRODUCTS_DIR; };
		3B42170920B6099000415CE7 /* AppDelegate.swift */ = {isa = PBXFileReference; lastKnownFileType = sourcecode.swift; path = AppDelegate.swift; sourceTree = "<group>"; };
		3B42170B20B6099000415CE7 /* ViewController.swift */ = {isa = PBXFileReference; lastKnownFileType = sourcecode.swift; path = ViewController.swift; sourceTree = "<group>"; };
		3B42170E20B6099000415CE7 /* Base */ = {isa = PBXFileReference; lastKnownFileType = file.storyboard; name = Base; path = Base.lproj/Main.storyboard; sourceTree = "<group>"; };
		3B42171020B6099300415CE7 /* Assets.xcassets */ = {isa = PBXFileReference; lastKnownFileType = folder.assetcatalog; path = Assets.xcassets; sourceTree = "<group>"; };
		3B42171320B6099300415CE7 /* Base */ = {isa = PBXFileReference; lastKnownFileType = file.storyboard; name = Base; path = Base.lproj/LaunchScreen.storyboard; sourceTree = "<group>"; };
		3B42171520B6099300415CE7 /* Info.plist */ = {isa = PBXFileReference; lastKnownFileType = text.plist.xml; path = Info.plist; sourceTree = "<group>"; };
		3B42171A20B6099300415CE7 /* CodeTrevorSampleTests.xctest */ = {isa = PBXFileReference; explicitFileType = wrapper.cfbundle; includeInIndex = 0; path = CodeTrevorSampleTests.xctest; sourceTree = BUILT_PRODUCTS_DIR; };
		3B42171E20B6099300415CE7 /* CodeTrevorSampleTests.swift */ = {isa = PBXFileReference; lastKnownFileType = sourcecode.swift; path = CodeTrevorSampleTests.swift; sourceTree = "<group>"; };
		3B42172020B6099300415CE7 /* Info.plist */ = {isa = PBXFileReference; lastKnownFileType = text.plist.xml; path = Info.plist; sourceTree = "<group>"; };
		3B42172520B6099300415CE7 /* CodeTrevorSampleUITests.xctest */ = {isa = PBXFileReference; explicitFileType = wrapper.cfbundle; includeInIndex = 0; path = CodeTrevorSampleUITests.xctest; sourceTree = BUILT_PRODUCTS_DIR; };
		3B42172920B6099300415CE7 /* CodeTrevorSampleUITests.swift */ = {isa = PBXFileReference; lastKnownFileType = sourcecode.swift; path = CodeTrevorSampleUITests.swift; sourceTree = "<group>"; };
		3B42172B20B6099300415CE7 /* Info.plist */ = {isa = PBXFileReference; lastKnownFileType = text.plist.xml; path = Info.plist; sourceTree = "<group>"; };
		3B42175420B60ACA00415CE7 /* CodeTrevor.framework */ = {isa = PBXFileReference; explicitFileType = wrapper.framework; path = CodeTrevor.framework; sourceTree = BUILT_PRODUCTS_DIR; };
		3B777ECE20BBCC0F0055B1B1 /* OpenSans-Regular.ttf */ = {isa = PBXFileReference; lastKnownFileType = file; path = "OpenSans-Regular.ttf"; sourceTree = "<group>"; };
/* End PBXFileReference section */

/* Begin PBXFrameworksBuildPhase section */
		3B42170320B6099000415CE7 /* Frameworks */ = {
			isa = PBXFrameworksBuildPhase;
			buildActionMask = 2147483647;
			files = (
				3B42175520B60ACA00415CE7 /* CodeTrevor.framework in Frameworks */,
				3B777ED820BDC8BF0055B1B1 /* CodeTrevor.framework in Frameworks */,
			);
			runOnlyForDeploymentPostprocessing = 0;
		};
		3B42171720B6099300415CE7 /* Frameworks */ = {
			isa = PBXFrameworksBuildPhase;
			buildActionMask = 2147483647;
			files = (
			);
			runOnlyForDeploymentPostprocessing = 0;
		};
		3B42172220B6099300415CE7 /* Frameworks */ = {
			isa = PBXFrameworksBuildPhase;
			buildActionMask = 2147483647;
			files = (
			);
			runOnlyForDeploymentPostprocessing = 0;
		};
/* End PBXFrameworksBuildPhase section */

/* Begin PBXGroup section */
		3B4216FD20B6099000415CE7 = {
			isa = PBXGroup;
			children = (
				3B42170820B6099000415CE7 /* CodeTrevorSample */,
				3B42171D20B6099300415CE7 /* CodeTrevorSampleTests */,
				3B42172820B6099300415CE7 /* CodeTrevorSampleUITests */,
				3B42170720B6099000415CE7 /* Products */,
				3B42175320B60ACA00415CE7 /* Frameworks */,
			);
			sourceTree = "<group>";
		};
		3B42170720B6099000415CE7 /* Products */ = {
			isa = PBXGroup;
			children = (
				3B42170620B6099000415CE7 /* CodeTrevorSample.app */,
				3B42171A20B6099300415CE7 /* CodeTrevorSampleTests.xctest */,
				3B42172520B6099300415CE7 /* CodeTrevorSampleUITests.xctest */,
			);
			name = Products;
			sourceTree = "<group>";
		};
		3B42170820B6099000415CE7 /* CodeTrevorSample */ = {
			isa = PBXGroup;
			children = (
				3B777ECE20BBCC0F0055B1B1 /* OpenSans-Regular.ttf */,
				3B42170920B6099000415CE7 /* AppDelegate.swift */,
				3B42170B20B6099000415CE7 /* ViewController.swift */,
				3B42170D20B6099000415CE7 /* Main.storyboard */,
				3B42171020B6099300415CE7 /* Assets.xcassets */,
				3B42171220B6099300415CE7 /* LaunchScreen.storyboard */,
				3B42171520B6099300415CE7 /* Info.plist */,
			);
			path = CodeTrevorSample;
			sourceTree = "<group>";
		};
		3B42171D20B6099300415CE7 /* CodeTrevorSampleTests */ = {
			isa = PBXGroup;
			children = (
				3B42171E20B6099300415CE7 /* CodeTrevorSampleTests.swift */,
				3B42172020B6099300415CE7 /* Info.plist */,
			);
			path = CodeTrevorSampleTests;
			sourceTree = "<group>";
		};
		3B42172820B6099300415CE7 /* CodeTrevorSampleUITests */ = {
			isa = PBXGroup;
			children = (
				3B42172920B6099300415CE7 /* CodeTrevorSampleUITests.swift */,
				3B42172B20B6099300415CE7 /* Info.plist */,
			);
			path = CodeTrevorSampleUITests;
			sourceTree = "<group>";
		};
		3B42175320B60ACA00415CE7 /* Frameworks */ = {
			isa = PBXGroup;
			children = (
				3B42175420B60ACA00415CE7 /* CodeTrevor.framework */,
			);
			name = Frameworks;
			sourceTree = "<group>";
		};
/* End PBXGroup section */

/* Begin PBXNativeTarget section */
		3B42170520B6099000415CE7 /* CodeTrevorSample */ = {
			isa = PBXNativeTarget;
			buildConfigurationList = 3B42172E20B6099300415CE7 /* Build configuration list for PBXNativeTarget "CodeTrevorSample" */;
			buildPhases = (
				3B42170220B6099000415CE7 /* Sources */,
				3B42170320B6099000415CE7 /* Frameworks */,
				3B42170420B6099000415CE7 /* Resources */,
				3B42175220B60A0900415CE7 /* Embed Frameworks */,
			);
			buildRules = (
			);
			dependencies = (
			);
			name = CodeTrevorSample;
			productName = CodeTrevorSample;
			productReference = 3B42170620B6099000415CE7 /* CodeTrevorSample.app */;
			productType = "com.apple.product-type.application";
		};
		3B42171920B6099300415CE7 /* CodeTrevorSampleTests */ = {
			isa = PBXNativeTarget;
			buildConfigurationList = 3B42173120B6099300415CE7 /* Build configuration list for PBXNativeTarget "CodeTrevorSampleTests" */;
			buildPhases = (
				3B42171620B6099300415CE7 /* Sources */,
				3B42171720B6099300415CE7 /* Frameworks */,
				3B42171820B6099300415CE7 /* Resources */,
			);
			buildRules = (
			);
			dependencies = (
				3B42171C20B6099300415CE7 /* PBXTargetDependency */,
			);
			name = CodeTrevorSampleTests;
			productName = CodeTrevorSampleTests;
			productReference = 3B42171A20B6099300415CE7 /* CodeTrevorSampleTests.xctest */;
			productType = "com.apple.product-type.bundle.unit-test";
		};
		3B42172420B6099300415CE7 /* CodeTrevorSampleUITests */ = {
			isa = PBXNativeTarget;
			buildConfigurationList = 3B42173420B6099300415CE7 /* Build configuration list for PBXNativeTarget "CodeTrevorSampleUITests" */;
			buildPhases = (
				3B42172120B6099300415CE7 /* Sources */,
				3B42172220B6099300415CE7 /* Frameworks */,
				3B42172320B6099300415CE7 /* Resources */,
			);
			buildRules = (
			);
			dependencies = (
				3B42172720B6099300415CE7 /* PBXTargetDependency */,
			);
			name = CodeTrevorSampleUITests;
			productName = CodeTrevorSampleUITests;
			productReference = 3B42172520B6099300415CE7 /* CodeTrevorSampleUITests.xctest */;
			productType = "com.apple.product-type.bundle.ui-testing";
		};
/* End PBXNativeTarget section */

/* Begin PBXProject section */
		3B4216FE20B6099000415CE7 /* Project object */ = {
			isa = PBXProject;
			attributes = {
				LastSwiftUpdateCheck = 0930;
				LastUpgradeCheck = 0930;
				ORGANIZATIONNAME = "Trevor Stevenson";
				TargetAttributes = {
					3B42170520B6099000415CE7 = {
						CreatedOnToolsVersion = 9.3.1;
					};
					3B42171920B6099300415CE7 = {
						CreatedOnToolsVersion = 9.3.1;
						TestTargetID = 3B42170520B6099000415CE7;
					};
					3B42172420B6099300415CE7 = {
						CreatedOnToolsVersion = 9.3.1;
						TestTargetID = 3B42170520B6099000415CE7;
					};
				};
			};
			buildConfigurationList = 3B42170120B6099000415CE7 /* Build configuration list for PBXProject "CodeTrevorSample" */;
			compatibilityVersion = "Xcode 9.3";
			developmentRegion = en;
			hasScannedForEncodings = 0;
			knownRegions = (
				en,
				Base,
			);
			mainGroup = 3B4216FD20B6099000415CE7;
			productRefGroup = 3B42170720B6099000415CE7 /* Products */;
			projectDirPath = "";
			projectRoot = "";
			targets = (
				3B42170520B6099000415CE7 /* CodeTrevorSample */,
				3B42171920B6099300415CE7 /* CodeTrevorSampleTests */,
				3B42172420B6099300415CE7 /* CodeTrevorSampleUITests */,
			);
		};
/* End PBXProject section */

/* Begin PBXResourcesBuildPhase section */
		3B42170420B6099000415CE7 /* Resources */ = {
			isa = PBXResourcesBuildPhase;
			buildActionMask = 2147483647;
			files = (
				3B42171420B6099300415CE7 /* LaunchScreen.storyboard in Resources */,
				3B42171120B6099300415CE7 /* Assets.xcassets in Resources */,
				3B777ECF20BBCC100055B1B1 /* OpenSans-Regular.ttf in Resources */,
				3B42170F20B6099000415CE7 /* Main.storyboard in Resources */,
			);
			runOnlyForDeploymentPostprocessing = 0;
		};
		3B42171820B6099300415CE7 /* Resources */ = {
			isa = PBXResourcesBuildPhase;
			buildActionMask = 2147483647;
			files = (
			);
			runOnlyForDeploymentPostprocessing = 0;
		};
		3B42172320B6099300415CE7 /* Resources */ = {
			isa = PBXResourcesBuildPhase;
			buildActionMask = 2147483647;
			files = (
			);
			runOnlyForDeploymentPostprocessing = 0;
		};
/* End PBXResourcesBuildPhase section */

/* Begin PBXSourcesBuildPhase section */
		3B42170220B6099000415CE7 /* Sources */ = {
			isa = PBXSourcesBuildPhase;
			buildActionMask = 2147483647;
			files = (
				3B42170C20B6099000415CE7 /* ViewController.swift in Sources */,
				3B42170A20B6099000415CE7 /* AppDelegate.swift in Sources */,
			);
			runOnlyForDeploymentPostprocessing = 0;
		};
		3B42171620B6099300415CE7 /* Sources */ = {
			isa = PBXSourcesBuildPhase;
			buildActionMask = 2147483647;
			files = (
				3B42171F20B6099300415CE7 /* CodeTrevorSampleTests.swift in Sources */,
			);
			runOnlyForDeploymentPostprocessing = 0;
		};
		3B42172120B6099300415CE7 /* Sources */ = {
			isa = PBXSourcesBuildPhase;
			buildActionMask = 2147483647;
			files = (
				3B42172A20B6099300415CE7 /* CodeTrevorSampleUITests.swift in Sources */,
			);
			runOnlyForDeploymentPostprocessing = 0;
		};
/* End PBXSourcesBuildPhase section */

/* Begin PBXTargetDependency section */
		3B42171C20B6099300415CE7 /* PBXTargetDependency */ = {
			isa = PBXTargetDependency;
			target = 3B42170520B6099000415CE7 /* CodeTrevorSample */;
			targetProxy = 3B42171B20B6099300415CE7 /* PBXContainerItemProxy */;
		};
		3B42172720B6099300415CE7 /* PBXTargetDependency */ = {
			isa = PBXTargetDependency;
			target = 3B42170520B6099000415CE7 /* CodeTrevorSample */;
			targetProxy = 3B42172620B6099300415CE7 /* PBXContainerItemProxy */;
		};
/* End PBXTargetDependency section */

/* Begin PBXVariantGroup section */
		3B42170D20B6099000415CE7 /* Main.storyboard */ = {
			isa = PBXVariantGroup;
			children = (
				3B42170E20B6099000415CE7 /* Base */,
			);
			name = Main.storyboard;
			sourceTree = "<group>";
		};
		3B42171220B6099300415CE7 /* LaunchScreen.storyboard */ = {
			isa = PBXVariantGroup;
			children = (
				3B42171320B6099300415CE7 /* Base */,
			);
			name = LaunchScreen.storyboard;
			sourceTree = "<group>";
		};
/* End PBXVariantGroup section */

/* Begin XCBuildConfiguration section */
		3B42172C20B6099300415CE7 /* Debug */ = {
			isa = XCBuildConfiguration;
			buildSettings = {
				ALWAYS_SEARCH_USER_PATHS = NO;
				CLANG_ANALYZER_NONNULL = YES;
				CLANG_ANALYZER_NUMBER_OBJECT_CONVERSION = YES_AGGRESSIVE;
				CLANG_CXX_LANGUAGE_STANDARD = "gnu++14";
				CLANG_CXX_LIBRARY = "libc++";
				CLANG_ENABLE_MODULES = YES;
				CLANG_ENABLE_OBJC_ARC = YES;
				CLANG_ENABLE_OBJC_WEAK = YES;
				CLANG_WARN_BLOCK_CAPTURE_AUTORELEASING = YES;
				CLANG_WARN_BOOL_CONVERSION = YES;
				CLANG_WARN_COMMA = YES;
				CLANG_WARN_CONSTANT_CONVERSION = YES;
				CLANG_WARN_DEPRECATED_OBJC_IMPLEMENTATIONS = YES;
				CLANG_WARN_DIRECT_OBJC_ISA_USAGE = YES_ERROR;
				CLANG_WARN_DOCUMENTATION_COMMENTS = YES;
				CLANG_WARN_EMPTY_BODY = YES;
				CLANG_WARN_ENUM_CONVERSION = YES;
				CLANG_WARN_INFINITE_RECURSION = YES;
				CLANG_WARN_INT_CONVERSION = YES;
				CLANG_WARN_NON_LITERAL_NULL_CONVERSION = YES;
				CLANG_WARN_OBJC_IMPLICIT_RETAIN_SELF = YES;
				CLANG_WARN_OBJC_LITERAL_CONVERSION = YES;
				CLANG_WARN_OBJC_ROOT_CLASS = YES_ERROR;
				CLANG_WARN_RANGE_LOOP_ANALYSIS = YES;
				CLANG_WARN_STRICT_PROTOTYPES = YES;
				CLANG_WARN_SUSPICIOUS_MOVE = YES;
				CLANG_WARN_UNGUARDED_AVAILABILITY = YES_AGGRESSIVE;
				CLANG_WARN_UNREACHABLE_CODE = YES;
				CLANG_WARN__DUPLICATE_METHOD_MATCH = YES;
				CODE_SIGN_IDENTITY = "iPhone Developer";
				COPY_PHASE_STRIP = NO;
				DEBUG_INFORMATION_FORMAT = dwarf;
				ENABLE_STRICT_OBJC_MSGSEND = YES;
				ENABLE_TESTABILITY = YES;
				GCC_C_LANGUAGE_STANDARD = gnu11;
				GCC_DYNAMIC_NO_PIC = NO;
				GCC_NO_COMMON_BLOCKS = YES;
				GCC_OPTIMIZATION_LEVEL = 0;
				GCC_PREPROCESSOR_DEFINITIONS = (
					"DEBUG=1",
					"$(inherited)",
				);
				GCC_WARN_64_TO_32_BIT_CONVERSION = YES;
				GCC_WARN_ABOUT_RETURN_TYPE = YES_ERROR;
				GCC_WARN_UNDECLARED_SELECTOR = YES;
				GCC_WARN_UNINITIALIZED_AUTOS = YES_AGGRESSIVE;
				GCC_WARN_UNUSED_FUNCTION = YES;
				GCC_WARN_UNUSED_VARIABLE = YES;
				IPHONEOS_DEPLOYMENT_TARGET = 11.3;
				MTL_ENABLE_DEBUG_INFO = YES;
				ONLY_ACTIVE_ARCH = YES;
				SDKROOT = iphoneos;
				SWIFT_ACTIVE_COMPILATION_CONDITIONS = DEBUG;
				SWIFT_OPTIMIZATION_LEVEL = "-Onone";
			};
			name = Debug;
		};
		3B42172D20B6099300415CE7 /* Release */ = {
			isa = XCBuildConfiguration;
			buildSettings = {
				ALWAYS_SEARCH_USER_PATHS = NO;
				CLANG_ANALYZER_NONNULL = YES;
				CLANG_ANALYZER_NUMBER_OBJECT_CONVERSION = YES_AGGRESSIVE;
				CLANG_CXX_LANGUAGE_STANDARD = "gnu++14";
				CLANG_CXX_LIBRARY = "libc++";
				CLANG_ENABLE_MODULES = YES;
				CLANG_ENABLE_OBJC_ARC = YES;
				CLANG_ENABLE_OBJC_WEAK = YES;
				CLANG_WARN_BLOCK_CAPTURE_AUTORELEASING = YES;
				CLANG_WARN_BOOL_CONVERSION = YES;
				CLANG_WARN_COMMA = YES;
				CLANG_WARN_CONSTANT_CONVERSION = YES;
				CLANG_WARN_DEPRECATED_OBJC_IMPLEMENTATIONS = YES;
				CLANG_WARN_DIRECT_OBJC_ISA_USAGE = YES_ERROR;
				CLANG_WARN_DOCUMENTATION_COMMENTS = YES;
				CLANG_WARN_EMPTY_BODY = YES;
				CLANG_WARN_ENUM_CONVERSION = YES;
				CLANG_WARN_INFINITE_RECURSION = YES;
				CLANG_WARN_INT_CONVERSION = YES;
				CLANG_WARN_NON_LITERAL_NULL_CONVERSION = YES;
				CLANG_WARN_OBJC_IMPLICIT_RETAIN_SELF = YES;
				CLANG_WARN_OBJC_LITERAL_CONVERSION = YES;
				CLANG_WARN_OBJC_ROOT_CLASS = YES_ERROR;
				CLANG_WARN_RANGE_LOOP_ANALYSIS = YES;
				CLANG_WARN_STRICT_PROTOTYPES = YES;
				CLANG_WARN_SUSPICIOUS_MOVE = YES;
				CLANG_WARN_UNGUARDED_AVAILABILITY = YES_AGGRESSIVE;
				CLANG_WARN_UNREACHABLE_CODE = YES;
				CLANG_WARN__DUPLICATE_METHOD_MATCH = YES;
				CODE_SIGN_IDENTITY = "iPhone Developer";
				COPY_PHASE_STRIP = NO;
				DEBUG_INFORMATION_FORMAT = "dwarf-with-dsym";
				ENABLE_NS_ASSERTIONS = NO;
				ENABLE_STRICT_OBJC_MSGSEND = YES;
				GCC_C_LANGUAGE_STANDARD = gnu11;
				GCC_NO_COMMON_BLOCKS = YES;
				GCC_WARN_64_TO_32_BIT_CONVERSION = YES;
				GCC_WARN_ABOUT_RETURN_TYPE = YES_ERROR;
				GCC_WARN_UNDECLARED_SELECTOR = YES;
				GCC_WARN_UNINITIALIZED_AUTOS = YES_AGGRESSIVE;
				GCC_WARN_UNUSED_FUNCTION = YES;
				GCC_WARN_UNUSED_VARIABLE = YES;
				IPHONEOS_DEPLOYMENT_TARGET = 11.3;
				MTL_ENABLE_DEBUG_INFO = NO;
				SDKROOT = iphoneos;
				SWIFT_COMPILATION_MODE = wholemodule;
				SWIFT_OPTIMIZATION_LEVEL = "-O";
				VALIDATE_PRODUCT = YES;
			};
			name = Release;
		};
		3B42172F20B6099300415CE7 /* Debug */ = {
			isa = XCBuildConfiguration;
			buildSettings = {
				ASSETCATALOG_COMPILER_APPICON_NAME = AppIcon;
				CODE_SIGN_STYLE = Automatic;
				DEVELOPMENT_TEAM = Q443KXN5V7;
				INFOPLIST_FILE = CodeTrevorSample/Info.plist;
				LD_RUNPATH_SEARCH_PATHS = (
					"$(inherited)",
					"@executable_path/Frameworks",
				);
				PRODUCT_BUNDLE_IDENTIFIER = com.TStevensonApps.CodeTrevorSample;
				PRODUCT_NAME = "$(TARGET_NAME)";
				SWIFT_VERSION = 4.0;
				TARGETED_DEVICE_FAMILY = "1,2";
			};
			name = Debug;
		};
		3B42173020B6099300415CE7 /* Release */ = {
			isa = XCBuildConfiguration;
			buildSettings = {
				ASSETCATALOG_COMPILER_APPICON_NAME = AppIcon;
				CODE_SIGN_STYLE = Automatic;
				DEVELOPMENT_TEAM = Q443KXN5V7;
				INFOPLIST_FILE = CodeTrevorSample/Info.plist;
				LD_RUNPATH_SEARCH_PATHS = (
					"$(inherited)",
					"@executable_path/Frameworks",
				);
				PRODUCT_BUNDLE_IDENTIFIER = com.TStevensonApps.CodeTrevorSample;
				PRODUCT_NAME = "$(TARGET_NAME)";
				SWIFT_VERSION = 4.0;
				TARGETED_DEVICE_FAMILY = "1,2";
			};
			name = Release;
		};
		3B42173220B6099300415CE7 /* Debug */ = {
			isa = XCBuildConfiguration;
			buildSettings = {
				ALWAYS_EMBED_SWIFT_STANDARD_LIBRARIES = YES;
				BUNDLE_LOADER = "$(TEST_HOST)";
				CODE_SIGN_STYLE = Automatic;
				DEVELOPMENT_TEAM = Q443KXN5V7;
				INFOPLIST_FILE = CodeTrevorSampleTests/Info.plist;
				LD_RUNPATH_SEARCH_PATHS = (
					"$(inherited)",
					"@executable_path/Frameworks",
					"@loader_path/Frameworks",
				);
				PRODUCT_BUNDLE_IDENTIFIER = com.TStevensonApps.CodeTrevorSampleTests;
				PRODUCT_NAME = "$(TARGET_NAME)";
				SWIFT_VERSION = 4.0;
				TARGETED_DEVICE_FAMILY = "1,2";
				TEST_HOST = "$(BUILT_PRODUCTS_DIR)/CodeTrevorSample.app/CodeTrevorSample";
			};
			name = Debug;
		};
		3B42173320B6099300415CE7 /* Release */ = {
			isa = XCBuildConfiguration;
			buildSettings = {
				ALWAYS_EMBED_SWIFT_STANDARD_LIBRARIES = YES;
				BUNDLE_LOADER = "$(TEST_HOST)";
				CODE_SIGN_STYLE = Automatic;
				DEVELOPMENT_TEAM = Q443KXN5V7;
				INFOPLIST_FILE = CodeTrevorSampleTests/Info.plist;
				LD_RUNPATH_SEARCH_PATHS = (
					"$(inherited)",
					"@executable_path/Frameworks",
					"@loader_path/Frameworks",
				);
				PRODUCT_BUNDLE_IDENTIFIER = com.TStevensonApps.CodeTrevorSampleTests;
				PRODUCT_NAME = "$(TARGET_NAME)";
				SWIFT_VERSION = 4.0;
				TARGETED_DEVICE_FAMILY = "1,2";
				TEST_HOST = "$(BUILT_PRODUCTS_DIR)/CodeTrevorSample.app/CodeTrevorSample";
			};
			name = Release;
		};
		3B42173520B6099300415CE7 /* Debug */ = {
			isa = XCBuildConfiguration;
			buildSettings = {
				ALWAYS_EMBED_SWIFT_STANDARD_LIBRARIES = YES;
				CODE_SIGN_STYLE = Automatic;
				DEVELOPMENT_TEAM = Q443KXN5V7;
				INFOPLIST_FILE = CodeTrevorSampleUITests/Info.plist;
				LD_RUNPATH_SEARCH_PATHS = (
					"$(inherited)",
					"@executable_path/Frameworks",
					"@loader_path/Frameworks",
				);
				PRODUCT_BUNDLE_IDENTIFIER = com.TStevensonApps.CodeTrevorSampleUITests;
				PRODUCT_NAME = "$(TARGET_NAME)";
				SWIFT_VERSION = 4.0;
				TARGETED_DEVICE_FAMILY = "1,2";
				TEST_TARGET_NAME = CodeTrevorSample;
			};
			name = Debug;
		};
		3B42173620B6099300415CE7 /* Release */ = {
			isa = XCBuildConfiguration;
			buildSettings = {
				ALWAYS_EMBED_SWIFT_STANDARD_LIBRARIES = YES;
				CODE_SIGN_STYLE = Automatic;
				DEVELOPMENT_TEAM = Q443KXN5V7;
				INFOPLIST_FILE = CodeTrevorSampleUITests/Info.plist;
				LD_RUNPATH_SEARCH_PATHS = (
					"$(inherited)",
					"@executable_path/Frameworks",
					"@loader_path/Frameworks",
				);
				PRODUCT_BUNDLE_IDENTIFIER = com.TStevensonApps.CodeTrevorSampleUITests;
				PRODUCT_NAME = "$(TARGET_NAME)";
				SWIFT_VERSION = 4.0;
				TARGETED_DEVICE_FAMILY = "1,2";
				TEST_TARGET_NAME = CodeTrevorSample;
			};
			name = Release;
		};
/* End XCBuildConfiguration section */

/* Begin XCConfigurationList section */
		3B42170120B6099000415CE7 /* Build configuration list for PBXProject "CodeTrevorSample" */ = {
			isa = XCConfigurationList;
			buildConfigurations = (
				3B42172C20B6099300415CE7 /* Debug */,
				3B42172D20B6099300415CE7 /* Release */,
			);
			defaultConfigurationIsVisible = 0;
			defaultConfigurationName = Release;
		};
		3B42172E20B6099300415CE7 /* Build configuration list for PBXNativeTarget "CodeTrevorSample" */ = {
			isa = XCConfigurationList;
			buildConfigurations = (
				3B42172F20B6099300415CE7 /* Debug */,
				3B42173020B6099300415CE7 /* Release */,
			);
			defaultConfigurationIsVisible = 0;
			defaultConfigurationName = Release;
		};
		3B42173120B6099300415CE7 /* Build configuration list for PBXNativeTarget "CodeTrevorSampleTests" */ = {
			isa = XCConfigurationList;
			buildConfigurations = (
				3B42173220B6099300415CE7 /* Debug */,
				3B42173320B6099300415CE7 /* Release */,
			);
			defaultConfigurationIsVisible = 0;
			defaultConfigurationName = Release;
		};
		3B42173420B6099300415CE7 /* Build configuration list for PBXNativeTarget "CodeTrevorSampleUITests" */ = {
			isa = XCConfigurationList;
			buildConfigurations = (
				3B42173520B6099300415CE7 /* Debug */,
				3B42173620B6099300415CE7 /* Release */,
			);
			defaultConfigurationIsVisible = 0;
			defaultConfigurationName = Release;
		};
/* End XCConfigurationList section */
	};
	rootObject = 3B4216FE20B6099000415CE7 /* Project object */;
}
